
Microsoft Visual Studio Solution File, Format Version 12.00
# Visual Studio Version 16
VisualStudioVersion = 16.0.29806.167
MinimumVisualStudioVersion = 10.0.40219.1
Project("{2150E333-8FDC-42A3-9474-1A3956D46DE8}") = "Solution Items", "Solution Items", "{6CB4CCA1-85C1-4C90-BA5F-272DE43752C4}"
	ProjectSection(SolutionItems) = preProject
		.dockerignore = .dockerignore
		.gitignore = .gitignore
		docker-compose.yml = docker-compose.yml
		Dockerfile-Core = Dockerfile-Core
		Dockerfile-Database = Dockerfile-Database
		Dockerfile-Notification = Dockerfile-Notification
		Dockerfile-Patient = Dockerfile-Patient
		Dockerfile-webportal = Dockerfile-webportal
		README.md = README.md
	EndProjectSection
EndProject
Project("{00D1A9C2-B5F0-4AF3-8072-F6C62B433612}") = "Database", "Database\Database.sqlproj", "{2C5CD038-BEC6-49CB-B67E-4360F9F51F59}"
EndProject
Project("{2150E333-8FDC-42A3-9474-1A3956D46DE8}") = "Patient", "Patient", "{A42B561B-8711-4FB3-9BEE-4365DB103D9C}"
EndProject
Project("{9A19103F-16F7-4668-BE54-9A1E7A4F7556}") = "Patient.API", "Patient\Patient.API\Patient.API.csproj", "{ABBF3CAE-A740-415A-BB0A-7A99471DF7B2}"
EndProject
Project("{9A19103F-16F7-4668-BE54-9A1E7A4F7556}") = "Patient.BusinessLayer", "Patient\Patient.BusinessLayer\Patient.BusinessLayer.csproj", "{A5BF1CE9-CC14-4EF9-B19D-F657C750A0A1}"
EndProject
Project("{9A19103F-16F7-4668-BE54-9A1E7A4F7556}") = "Patient.ViewModels", "Patient\Patient.ViewModels\Patient.ViewModels.csproj", "{A51A719D-143C-4EAB-ABC0-A01F68342D3F}"
EndProject
Project("{9A19103F-16F7-4668-BE54-9A1E7A4F7556}") = "Patient.Data", "Patient\Patient.Data\Patient.Data.csproj", "{650E2567-4B31-407D-A4FC-8095DA4ED40B}"
EndProject
Project("{9A19103F-16F7-4668-BE54-9A1E7A4F7556}") = "Patient.Test", "Patient\Patient.Test\Patient.Test.csproj", "{A7ADB65B-2DDB-4E73-B3AD-53431C82EF2E}"
EndProject
Project("{2150E333-8FDC-42A3-9474-1A3956D46DE8}") = "Core", "Core", "{200E26EF-5BB4-4EC5-94EC-8790101DF711}"
	ProjectSection(SolutionItems) = preProject
		Core\azure-pipelines.yml = Core\azure-pipelines.yml
	EndProjectSection
EndProject
Project("{9A19103F-16F7-4668-BE54-9A1E7A4F7556}") = "Notification.API", "Notification\Notification.API\Notification.API.csproj", "{745A965D-67B7-48EC-A62A-F2F36D2A5339}"
EndProject
Project("{2150E333-8FDC-42A3-9474-1A3956D46DE8}") = "Notification", "Notification", "{E57C10D7-698A-465E-A834-4A94BF9EC4E6}"
EndProject
Project("{9A19103F-16F7-4668-BE54-9A1E7A4F7556}") = "Notification.BusinessLayer", "Notification\Notification.BusinessLayer\Notification.BusinessLayer.csproj", "{5C9B1588-62A6-4F3D-991C-009B24D3CA58}"
EndProject
Project("{151D2E53-A2C4-4D7D-83FE-D05416EBD58E}") = "Notification.Deployment", "Notification\Notification.Deployment\Notification.Deployment.deployproj", "{EFE3D686-8220-4706-99A4-F0881369F3BD}"
EndProject
Project("{9A19103F-16F7-4668-BE54-9A1E7A4F7556}") = "Notification.NotificationProcessor", "Notification\Notification.NotificationProcessor\Notification.NotificationProcessor.csproj", "{8B7A8168-C7F4-409D-8EBC-CDCA2C62F77C}"
EndProject
Project("{9A19103F-16F7-4668-BE54-9A1E7A4F7556}") = "Notification.Test", "Notification\Notification.Test\Notification.Test.csproj", "{ECAB1F5B-0D39-47AF-B494-45539A70A4B1}"
EndProject
Project("{9A19103F-16F7-4668-BE54-9A1E7A4F7556}") = "Notification.ViewModels", "Notification\Notification.ViewModels\Notification.ViewModels.csproj", "{78C74C9C-2C1F-466C-B5EF-B6A2CC723528}"
EndProject
Project("{2150E333-8FDC-42A3-9474-1A3956D46DE8}") = "Common", "Common", "{8CB4B8C0-4505-415A-87CF-D60C03E91BFF}"
EndProject
Project("{151D2E53-A2C4-4D7D-83FE-D05416EBD58E}") = "Patient.Deployment", "Patient\Patient.Deployment\Patient.Deployment.deployproj", "{DF591898-9711-43CA-BFDF-305DF1646BB7}"
EndProject
Project("{9A19103F-16F7-4668-BE54-9A1E7A4F7556}") = "Common.BusinessLayer", "Common\Common.BusinessLayer\Common.BusinessLayer.csproj", "{4423CFCE-4A28-4C3D-8023-10A16CDD4191}"
EndProject
Project("{9A19103F-16F7-4668-BE54-9A1E7A4F7556}") = "Common.ViewModels", "Common\Common.ViewModels\Common.ViewModels.csproj", "{A73DD9F8-70AF-43EA-B357-5528E4CB93C0}"
EndProject
Project("{9A19103F-16F7-4668-BE54-9A1E7A4F7556}") = "HMS2SDK", "Common\HMS2SDK\HMS2SDK.csproj", "{D0E27498-E46F-4072-ADFB-1B946B792283}"
EndProject
Project("{9A19103F-16F7-4668-BE54-9A1E7A4F7556}") = "Common.API", "Common\Common.API\Common.API.csproj", "{269EBC0D-EC31-40DE-9A8A-A0E6CC58B065}"
EndProject
Project("{9A19103F-16F7-4668-BE54-9A1E7A4F7556}") = "HMSOnlineSDK", "Common\HMSOnlineSDK\HMSOnlineSDK.csproj", "{CFADF2B5-98D5-49D0-8A50-52214528792A}"
EndProject
Project("{9A19103F-16F7-4668-BE54-9A1E7A4F7556}") = "NotificationSDK", "Common\NotificationSDK\NotificationSDK.csproj", "{E2A55B5E-7EB1-4D38-B98D-40E1C66B7A64}"
EndProject
Project("{9A19103F-16F7-4668-BE54-9A1E7A4F7556}") = "Core.API", "Core\Core.API\Core.API.csproj", "{01A75FB2-95BA-4B1B-BC76-69A941E3F0B0}"
EndProject
Project("{9A19103F-16F7-4668-BE54-9A1E7A4F7556}") = "Core.BusinessLayer", "Core\Core.BusinessLayer\Core.BusinessLayer.csproj", "{734B47D6-0420-47A2-8E5F-B0F54845128D}"
EndProject
Project("{9A19103F-16F7-4668-BE54-9A1E7A4F7556}") = "Core.Data", "Core\Core.Data\Core.Data.csproj", "{4E021A86-0C13-4EB5-A922-4FDE1374E140}"
EndProject
Project("{9A19103F-16F7-4668-BE54-9A1E7A4F7556}") = "Core.Test", "Core\Core.Test\Core.Test.csproj", "{92116E72-B572-4F2E-88C5-F1E2C7AE3C65}"
EndProject
Project("{9A19103F-16F7-4668-BE54-9A1E7A4F7556}") = "Core.ViewModels", "Core\Core.ViewModels\Core.ViewModels.csproj", "{DD234FE8-52AF-4D6C-B3D5-134D71CCA931}"
EndProject
Project("{151D2E53-A2C4-4D7D-83FE-D05416EBD58E}") = "Core.Deployment", "Core\Core.Deployment\Core.Deployment.deployproj", "{D9EF6EBC-03C3-4ECE-A403-13229D965F5E}"
EndProject
Project("{9A19103F-16F7-4668-BE54-9A1E7A4F7556}") = "Common.Data", "Common.Data\Common.Data.csproj", "{A30033B1-95EB-400E-B619-B82FAF483507}"
EndProject
Project("{2150E333-8FDC-42A3-9474-1A3956D46DE8}") = "Fulfillment", "Fulfillment", "{0D0C564F-C4C7-418A-8297-84A20BC6D4BE}"
EndProject
Project("{9A19103F-16F7-4668-BE54-9A1E7A4F7556}") = "Fulfillment.API", "Fulfillment\Fulfillment.API\Fulfillment.API.csproj", "{47FC96B0-E5F3-4377-BD39-307670F64EEA}"
EndProject
Project("{9A19103F-16F7-4668-BE54-9A1E7A4F7556}") = "Fulfillment.ViewModels", "Fulfillment\Fulfillment.ViewModels\Fulfillment.ViewModels.csproj", "{E5D5BA00-1265-4D30-9161-F873C5A4302E}"
EndProject
Project("{151D2E53-A2C4-4D7D-83FE-D05416EBD58E}") = "Fulfillment.Deployment", "Fulfillment\Fulfillment.Deployment\Fulfillment.Deployment.deployproj", "{2BFC8D98-36CA-47DC-9AB2-7B30CEDA4749}"
EndProject
Project("{9A19103F-16F7-4668-BE54-9A1E7A4F7556}") = "CoreSDK", "Common\CoreSDK\CoreSDK.csproj", "{26323DA3-D310-4C40-8B05-69E1E62BDF21}"
EndProject
Project("{9A19103F-16F7-4668-BE54-9A1E7A4F7556}") = "Fulfillment.OrderProcessor", "Fulfillment\Fulfillment.OrderProcessor\Fulfillment.OrderProcessor.csproj", "{CA4CB45D-E770-463B-AE4B-AF96F3D5A5D3}"
EndProject
Project("{9A19103F-16F7-4668-BE54-9A1E7A4F7556}") = "NetSuiteSDK", "Common\NetSuiteSDK\NetSuiteSDK.csproj", "{5FE39B84-D332-4ABC-8364-8EF496F713B7}"
EndProject
Project("{9A19103F-16F7-4668-BE54-9A1E7A4F7556}") = "PatientSDK", "Common\PatientSDK\PatientSDK.csproj", "{A052A856-859D-418E-8C03-03168BFA0B02}"
EndProject
Project("{9A19103F-16F7-4668-BE54-9A1E7A4F7556}") = "Notification.Data", "Notification\Notification.Data\Notification.Data.csproj", "{8B7E9BB1-5E96-457D-8037-13771B522795}"
EndProject
Project("{9A19103F-16F7-4668-BE54-9A1E7A4F7556}") = "Common.SDK", "Common\Common.SDK\Common.SDK.csproj", "{A8A403E7-7E2B-4C16-8D5F-F49244FBF9A5}"
EndProject
Project("{9A19103F-16F7-4668-BE54-9A1E7A4F7556}") = "Patient.FHIRIntegration", "Patient\Patient.FHIRIntegration\Patient.FHIRIntegration.csproj", "{C1FE9223-00E9-41BB-855A-1A409C27C4A1}"
EndProject
Project("{2150E333-8FDC-42A3-9474-1A3956D46DE8}") = "FHIR", "FHIR", "{E30CC855-2273-482B-AF1E-7D3457B5328A}"
EndProject
Project("{9A19103F-16F7-4668-BE54-9A1E7A4F7556}") = "Patient.FHIR.BusinessLayer", "Patient\Patient.FHIR.BusinessLayer\Patient.FHIR.BusinessLayer.csproj", "{8FB45CDD-A063-41ED-BF6D-23D2DCF58D35}"
EndProject
Project("{9A19103F-16F7-4668-BE54-9A1E7A4F7556}") = "Patient.FHIR.Models", "Patient\Patient.FHIR.Models\Patient.FHIR.Models.csproj", "{753F0C15-9280-457C-A396-E12B71C27F64}"
EndProject
Project("{2150E333-8FDC-42A3-9474-1A3956D46DE8}") = "EHRIntegration", "EHRIntegration", "{BA8599E4-8484-4351-9AFC-8922CB8426EF}"
EndProject
Project("{2150E333-8FDC-42A3-9474-1A3956D46DE8}") = "HCHB", "HCHB", "{746B40D6-570D-4E19-A966-EB9A37BA71EC}"
EndProject
Project("{9A19103F-16F7-4668-BE54-9A1E7A4F7556}") = "EHRIntegration.HCHB.MLLPClient", "EHRIntegration\HCHB\MLLPClient\EHRIntegration.HCHB.MLLPClient.csproj", "{96E5F22F-EB48-49C0-8776-BCC5128481B6}"
EndProject
Project("{9A19103F-16F7-4668-BE54-9A1E7A4F7556}") = "EHRIntegration.HCHB.MLLPServer", "EHRIntegration\HCHB\MLLPServer\EHRIntegration.HCHB.MLLPServer.csproj", "{C3081069-605C-49C7-9827-C75AB465D715}"
EndProject
Project("{9A19103F-16F7-4668-BE54-9A1E7A4F7556}") = "EHRIntegration.FHIRServices", "EHRIntegration\FHIRServices\EHRIntegration.FHIRServices.csproj", "{DE79D0AF-E167-4650-814D-1D6AF18AF9CE}"
EndProject
Project("{2150E333-8FDC-42A3-9474-1A3956D46DE8}") = "Report", "Report", "{A81FF096-1219-4024-86AE-A2BB63A1B029}"
EndProject
Project("{9A19103F-16F7-4668-BE54-9A1E7A4F7556}") = "Report.API", "Report\Report.API\Report.API.csproj", "{9CFAF5A8-187D-48F2-99E9-F0DF3B0246F0}"
EndProject
Project("{9A19103F-16F7-4668-BE54-9A1E7A4F7556}") = "Report.ViewModels", "Report\Report.ViewModels\Report.ViewModels.csproj", "{81EEF308-BBCC-416E-A05D-9400F94F3BDD}"
EndProject
Project("{9A19103F-16F7-4668-BE54-9A1E7A4F7556}") = "Report.BusinessLayer", "Report\Report.BusinessLayer\Report.BusinessLayer.csproj", "{F8EB36A2-4FCB-4A2C-9482-805FD64009E2}"
EndProject
Project("{9A19103F-16F7-4668-BE54-9A1E7A4F7556}") = "Report.Data", "Report\Report.Data\Report.Data.csproj", "{41CFFF65-7BF0-4BBE-A814-6B7B125A5239}"
EndProject
Project("{151D2E53-A2C4-4D7D-83FE-D05416EBD58E}") = "Report.Deployment", "Report\Report.Deployment\Report.Deployment.deployproj", "{CD0CF112-0131-4DC9-A424-519F3EDD4723}"
EndProject
Project("{9A19103F-16F7-4668-BE54-9A1E7A4F7556}") = "Core.SubscriptionProcessor", "Core\Core.SubscriptionProcessor\Core.SubscriptionProcessor.csproj", "{80999679-D4EA-493D-995B-4FE3CEED5F2B}"
EndProject
Project("{FAE04EC0-301F-11D3-BF4B-00C04F79EFBC}") = "Hms2BillingSDK", "Common\Hms2BillingSDK\Hms2BillingSDK.csproj", "{A821216A-F27B-45AE-81EE-0DCEC3A7D3BC}"
EndProject
Global
	GlobalSection(SolutionConfigurationPlatforms) = preSolution
		Debug|Any CPU = Debug|Any CPU
		Release|Any CPU = Release|Any CPU
	EndGlobalSection
	GlobalSection(ProjectConfigurationPlatforms) = postSolution
		{2C5CD038-BEC6-49CB-B67E-4360F9F51F59}.Debug|Any CPU.ActiveCfg = Debug|Any CPU
		{2C5CD038-BEC6-49CB-B67E-4360F9F51F59}.Debug|Any CPU.Build.0 = Debug|Any CPU
		{2C5CD038-BEC6-49CB-B67E-4360F9F51F59}.Debug|Any CPU.Deploy.0 = Debug|Any CPU
		{2C5CD038-BEC6-49CB-B67E-4360F9F51F59}.Release|Any CPU.ActiveCfg = Release|Any CPU
		{2C5CD038-BEC6-49CB-B67E-4360F9F51F59}.Release|Any CPU.Build.0 = Release|Any CPU
		{2C5CD038-BEC6-49CB-B67E-4360F9F51F59}.Release|Any CPU.Deploy.0 = Release|Any CPU
		{ABBF3CAE-A740-415A-BB0A-7A99471DF7B2}.Debug|Any CPU.ActiveCfg = Debug|Any CPU
		{ABBF3CAE-A740-415A-BB0A-7A99471DF7B2}.Debug|Any CPU.Build.0 = Debug|Any CPU
		{ABBF3CAE-A740-415A-BB0A-7A99471DF7B2}.Release|Any CPU.ActiveCfg = Release|Any CPU
		{ABBF3CAE-A740-415A-BB0A-7A99471DF7B2}.Release|Any CPU.Build.0 = Release|Any CPU
		{A5BF1CE9-CC14-4EF9-B19D-F657C750A0A1}.Debug|Any CPU.ActiveCfg = Debug|Any CPU
		{A5BF1CE9-CC14-4EF9-B19D-F657C750A0A1}.Debug|Any CPU.Build.0 = Debug|Any CPU
		{A5BF1CE9-CC14-4EF9-B19D-F657C750A0A1}.Release|Any CPU.ActiveCfg = Release|Any CPU
		{A5BF1CE9-CC14-4EF9-B19D-F657C750A0A1}.Release|Any CPU.Build.0 = Release|Any CPU
		{A51A719D-143C-4EAB-ABC0-A01F68342D3F}.Debug|Any CPU.ActiveCfg = Debug|Any CPU
		{A51A719D-143C-4EAB-ABC0-A01F68342D3F}.Debug|Any CPU.Build.0 = Debug|Any CPU
		{A51A719D-143C-4EAB-ABC0-A01F68342D3F}.Release|Any CPU.ActiveCfg = Release|Any CPU
		{A51A719D-143C-4EAB-ABC0-A01F68342D3F}.Release|Any CPU.Build.0 = Release|Any CPU
		{650E2567-4B31-407D-A4FC-8095DA4ED40B}.Debug|Any CPU.ActiveCfg = Debug|Any CPU
		{650E2567-4B31-407D-A4FC-8095DA4ED40B}.Debug|Any CPU.Build.0 = Debug|Any CPU
		{650E2567-4B31-407D-A4FC-8095DA4ED40B}.Release|Any CPU.ActiveCfg = Release|Any CPU
		{650E2567-4B31-407D-A4FC-8095DA4ED40B}.Release|Any CPU.Build.0 = Release|Any CPU
		{A7ADB65B-2DDB-4E73-B3AD-53431C82EF2E}.Debug|Any CPU.ActiveCfg = Debug|Any CPU
		{A7ADB65B-2DDB-4E73-B3AD-53431C82EF2E}.Debug|Any CPU.Build.0 = Debug|Any CPU
		{A7ADB65B-2DDB-4E73-B3AD-53431C82EF2E}.Release|Any CPU.ActiveCfg = Release|Any CPU
		{A7ADB65B-2DDB-4E73-B3AD-53431C82EF2E}.Release|Any CPU.Build.0 = Release|Any CPU
		{745A965D-67B7-48EC-A62A-F2F36D2A5339}.Debug|Any CPU.ActiveCfg = Debug|Any CPU
		{745A965D-67B7-48EC-A62A-F2F36D2A5339}.Debug|Any CPU.Build.0 = Debug|Any CPU
		{745A965D-67B7-48EC-A62A-F2F36D2A5339}.Release|Any CPU.ActiveCfg = Release|Any CPU
		{745A965D-67B7-48EC-A62A-F2F36D2A5339}.Release|Any CPU.Build.0 = Release|Any CPU
		{5C9B1588-62A6-4F3D-991C-009B24D3CA58}.Debug|Any CPU.ActiveCfg = Debug|Any CPU
		{5C9B1588-62A6-4F3D-991C-009B24D3CA58}.Debug|Any CPU.Build.0 = Debug|Any CPU
		{5C9B1588-62A6-4F3D-991C-009B24D3CA58}.Release|Any CPU.ActiveCfg = Release|Any CPU
		{5C9B1588-62A6-4F3D-991C-009B24D3CA58}.Release|Any CPU.Build.0 = Release|Any CPU
		{EFE3D686-8220-4706-99A4-F0881369F3BD}.Debug|Any CPU.ActiveCfg = Debug|Any CPU
		{EFE3D686-8220-4706-99A4-F0881369F3BD}.Debug|Any CPU.Build.0 = Debug|Any CPU
		{EFE3D686-8220-4706-99A4-F0881369F3BD}.Release|Any CPU.ActiveCfg = Release|Any CPU
		{EFE3D686-8220-4706-99A4-F0881369F3BD}.Release|Any CPU.Build.0 = Release|Any CPU
		{8B7A8168-C7F4-409D-8EBC-CDCA2C62F77C}.Debug|Any CPU.ActiveCfg = Debug|Any CPU
		{8B7A8168-C7F4-409D-8EBC-CDCA2C62F77C}.Debug|Any CPU.Build.0 = Debug|Any CPU
		{8B7A8168-C7F4-409D-8EBC-CDCA2C62F77C}.Release|Any CPU.ActiveCfg = Release|Any CPU
		{8B7A8168-C7F4-409D-8EBC-CDCA2C62F77C}.Release|Any CPU.Build.0 = Release|Any CPU
		{ECAB1F5B-0D39-47AF-B494-45539A70A4B1}.Debug|Any CPU.ActiveCfg = Debug|Any CPU
		{ECAB1F5B-0D39-47AF-B494-45539A70A4B1}.Debug|Any CPU.Build.0 = Debug|Any CPU
		{ECAB1F5B-0D39-47AF-B494-45539A70A4B1}.Release|Any CPU.ActiveCfg = Release|Any CPU
		{ECAB1F5B-0D39-47AF-B494-45539A70A4B1}.Release|Any CPU.Build.0 = Release|Any CPU
		{78C74C9C-2C1F-466C-B5EF-B6A2CC723528}.Debug|Any CPU.ActiveCfg = Debug|Any CPU
		{78C74C9C-2C1F-466C-B5EF-B6A2CC723528}.Debug|Any CPU.Build.0 = Debug|Any CPU
		{78C74C9C-2C1F-466C-B5EF-B6A2CC723528}.Release|Any CPU.ActiveCfg = Release|Any CPU
		{78C74C9C-2C1F-466C-B5EF-B6A2CC723528}.Release|Any CPU.Build.0 = Release|Any CPU
		{DF591898-9711-43CA-BFDF-305DF1646BB7}.Debug|Any CPU.ActiveCfg = Debug|Any CPU
		{DF591898-9711-43CA-BFDF-305DF1646BB7}.Debug|Any CPU.Build.0 = Debug|Any CPU
		{DF591898-9711-43CA-BFDF-305DF1646BB7}.Release|Any CPU.ActiveCfg = Release|Any CPU
		{DF591898-9711-43CA-BFDF-305DF1646BB7}.Release|Any CPU.Build.0 = Release|Any CPU
		{4423CFCE-4A28-4C3D-8023-10A16CDD4191}.Debug|Any CPU.ActiveCfg = Debug|Any CPU
		{4423CFCE-4A28-4C3D-8023-10A16CDD4191}.Debug|Any CPU.Build.0 = Debug|Any CPU
		{4423CFCE-4A28-4C3D-8023-10A16CDD4191}.Release|Any CPU.ActiveCfg = Release|Any CPU
		{4423CFCE-4A28-4C3D-8023-10A16CDD4191}.Release|Any CPU.Build.0 = Release|Any CPU
		{A73DD9F8-70AF-43EA-B357-5528E4CB93C0}.Debug|Any CPU.ActiveCfg = Debug|Any CPU
		{A73DD9F8-70AF-43EA-B357-5528E4CB93C0}.Debug|Any CPU.Build.0 = Debug|Any CPU
		{A73DD9F8-70AF-43EA-B357-5528E4CB93C0}.Release|Any CPU.ActiveCfg = Release|Any CPU
		{A73DD9F8-70AF-43EA-B357-5528E4CB93C0}.Release|Any CPU.Build.0 = Release|Any CPU
		{D0E27498-E46F-4072-ADFB-1B946B792283}.Debug|Any CPU.ActiveCfg = Debug|Any CPU
		{D0E27498-E46F-4072-ADFB-1B946B792283}.Debug|Any CPU.Build.0 = Debug|Any CPU
		{D0E27498-E46F-4072-ADFB-1B946B792283}.Release|Any CPU.ActiveCfg = Release|Any CPU
		{D0E27498-E46F-4072-ADFB-1B946B792283}.Release|Any CPU.Build.0 = Release|Any CPU
		{269EBC0D-EC31-40DE-9A8A-A0E6CC58B065}.Debug|Any CPU.ActiveCfg = Debug|Any CPU
		{269EBC0D-EC31-40DE-9A8A-A0E6CC58B065}.Debug|Any CPU.Build.0 = Debug|Any CPU
		{269EBC0D-EC31-40DE-9A8A-A0E6CC58B065}.Release|Any CPU.ActiveCfg = Release|Any CPU
		{269EBC0D-EC31-40DE-9A8A-A0E6CC58B065}.Release|Any CPU.Build.0 = Release|Any CPU
		{CFADF2B5-98D5-49D0-8A50-52214528792A}.Debug|Any CPU.ActiveCfg = Debug|Any CPU
		{CFADF2B5-98D5-49D0-8A50-52214528792A}.Debug|Any CPU.Build.0 = Debug|Any CPU
		{CFADF2B5-98D5-49D0-8A50-52214528792A}.Release|Any CPU.ActiveCfg = Release|Any CPU
		{CFADF2B5-98D5-49D0-8A50-52214528792A}.Release|Any CPU.Build.0 = Release|Any CPU
		{E2A55B5E-7EB1-4D38-B98D-40E1C66B7A64}.Debug|Any CPU.ActiveCfg = Debug|Any CPU
		{E2A55B5E-7EB1-4D38-B98D-40E1C66B7A64}.Debug|Any CPU.Build.0 = Debug|Any CPU
		{E2A55B5E-7EB1-4D38-B98D-40E1C66B7A64}.Release|Any CPU.ActiveCfg = Release|Any CPU
		{E2A55B5E-7EB1-4D38-B98D-40E1C66B7A64}.Release|Any CPU.Build.0 = Release|Any CPU
		{01A75FB2-95BA-4B1B-BC76-69A941E3F0B0}.Debug|Any CPU.ActiveCfg = Debug|Any CPU
		{01A75FB2-95BA-4B1B-BC76-69A941E3F0B0}.Debug|Any CPU.Build.0 = Debug|Any CPU
		{01A75FB2-95BA-4B1B-BC76-69A941E3F0B0}.Release|Any CPU.ActiveCfg = Release|Any CPU
		{01A75FB2-95BA-4B1B-BC76-69A941E3F0B0}.Release|Any CPU.Build.0 = Release|Any CPU
		{734B47D6-0420-47A2-8E5F-B0F54845128D}.Debug|Any CPU.ActiveCfg = Debug|Any CPU
		{734B47D6-0420-47A2-8E5F-B0F54845128D}.Debug|Any CPU.Build.0 = Debug|Any CPU
		{734B47D6-0420-47A2-8E5F-B0F54845128D}.Release|Any CPU.ActiveCfg = Release|Any CPU
		{734B47D6-0420-47A2-8E5F-B0F54845128D}.Release|Any CPU.Build.0 = Release|Any CPU
		{4E021A86-0C13-4EB5-A922-4FDE1374E140}.Debug|Any CPU.ActiveCfg = Debug|Any CPU
		{4E021A86-0C13-4EB5-A922-4FDE1374E140}.Debug|Any CPU.Build.0 = Debug|Any CPU
		{4E021A86-0C13-4EB5-A922-4FDE1374E140}.Release|Any CPU.ActiveCfg = Release|Any CPU
		{4E021A86-0C13-4EB5-A922-4FDE1374E140}.Release|Any CPU.Build.0 = Release|Any CPU
		{92116E72-B572-4F2E-88C5-F1E2C7AE3C65}.Debug|Any CPU.ActiveCfg = Debug|Any CPU
		{92116E72-B572-4F2E-88C5-F1E2C7AE3C65}.Debug|Any CPU.Build.0 = Debug|Any CPU
		{92116E72-B572-4F2E-88C5-F1E2C7AE3C65}.Release|Any CPU.ActiveCfg = Release|Any CPU
		{92116E72-B572-4F2E-88C5-F1E2C7AE3C65}.Release|Any CPU.Build.0 = Release|Any CPU
		{DD234FE8-52AF-4D6C-B3D5-134D71CCA931}.Debug|Any CPU.ActiveCfg = Debug|Any CPU
		{DD234FE8-52AF-4D6C-B3D5-134D71CCA931}.Debug|Any CPU.Build.0 = Debug|Any CPU
		{DD234FE8-52AF-4D6C-B3D5-134D71CCA931}.Release|Any CPU.ActiveCfg = Release|Any CPU
		{DD234FE8-52AF-4D6C-B3D5-134D71CCA931}.Release|Any CPU.Build.0 = Release|Any CPU
		{D9EF6EBC-03C3-4ECE-A403-13229D965F5E}.Debug|Any CPU.ActiveCfg = Debug|Any CPU
		{D9EF6EBC-03C3-4ECE-A403-13229D965F5E}.Debug|Any CPU.Build.0 = Debug|Any CPU
		{D9EF6EBC-03C3-4ECE-A403-13229D965F5E}.Release|Any CPU.ActiveCfg = Release|Any CPU
		{D9EF6EBC-03C3-4ECE-A403-13229D965F5E}.Release|Any CPU.Build.0 = Release|Any CPU
		{A30033B1-95EB-400E-B619-B82FAF483507}.Debug|Any CPU.ActiveCfg = Debug|Any CPU
		{A30033B1-95EB-400E-B619-B82FAF483507}.Debug|Any CPU.Build.0 = Debug|Any CPU
		{A30033B1-95EB-400E-B619-B82FAF483507}.Release|Any CPU.ActiveCfg = Release|Any CPU
		{A30033B1-95EB-400E-B619-B82FAF483507}.Release|Any CPU.Build.0 = Release|Any CPU
		{47FC96B0-E5F3-4377-BD39-307670F64EEA}.Debug|Any CPU.ActiveCfg = Debug|Any CPU
		{47FC96B0-E5F3-4377-BD39-307670F64EEA}.Debug|Any CPU.Build.0 = Debug|Any CPU
		{47FC96B0-E5F3-4377-BD39-307670F64EEA}.Release|Any CPU.ActiveCfg = Release|Any CPU
		{47FC96B0-E5F3-4377-BD39-307670F64EEA}.Release|Any CPU.Build.0 = Release|Any CPU
		{E5D5BA00-1265-4D30-9161-F873C5A4302E}.Debug|Any CPU.ActiveCfg = Debug|Any CPU
		{E5D5BA00-1265-4D30-9161-F873C5A4302E}.Debug|Any CPU.Build.0 = Debug|Any CPU
		{E5D5BA00-1265-4D30-9161-F873C5A4302E}.Release|Any CPU.ActiveCfg = Release|Any CPU
		{E5D5BA00-1265-4D30-9161-F873C5A4302E}.Release|Any CPU.Build.0 = Release|Any CPU
		{2BFC8D98-36CA-47DC-9AB2-7B30CEDA4749}.Debug|Any CPU.ActiveCfg = Debug|Any CPU
		{2BFC8D98-36CA-47DC-9AB2-7B30CEDA4749}.Debug|Any CPU.Build.0 = Debug|Any CPU
		{2BFC8D98-36CA-47DC-9AB2-7B30CEDA4749}.Release|Any CPU.ActiveCfg = Release|Any CPU
		{2BFC8D98-36CA-47DC-9AB2-7B30CEDA4749}.Release|Any CPU.Build.0 = Release|Any CPU
		{26323DA3-D310-4C40-8B05-69E1E62BDF21}.Debug|Any CPU.ActiveCfg = Debug|Any CPU
		{26323DA3-D310-4C40-8B05-69E1E62BDF21}.Debug|Any CPU.Build.0 = Debug|Any CPU
		{26323DA3-D310-4C40-8B05-69E1E62BDF21}.Release|Any CPU.ActiveCfg = Release|Any CPU
		{26323DA3-D310-4C40-8B05-69E1E62BDF21}.Release|Any CPU.Build.0 = Release|Any CPU
		{CA4CB45D-E770-463B-AE4B-AF96F3D5A5D3}.Debug|Any CPU.ActiveCfg = Debug|Any CPU
		{CA4CB45D-E770-463B-AE4B-AF96F3D5A5D3}.Debug|Any CPU.Build.0 = Debug|Any CPU
		{CA4CB45D-E770-463B-AE4B-AF96F3D5A5D3}.Release|Any CPU.ActiveCfg = Release|Any CPU
		{CA4CB45D-E770-463B-AE4B-AF96F3D5A5D3}.Release|Any CPU.Build.0 = Release|Any CPU
		{5FE39B84-D332-4ABC-8364-8EF496F713B7}.Debug|Any CPU.ActiveCfg = Debug|Any CPU
		{5FE39B84-D332-4ABC-8364-8EF496F713B7}.Debug|Any CPU.Build.0 = Debug|Any CPU
		{5FE39B84-D332-4ABC-8364-8EF496F713B7}.Release|Any CPU.ActiveCfg = Release|Any CPU
		{5FE39B84-D332-4ABC-8364-8EF496F713B7}.Release|Any CPU.Build.0 = Release|Any CPU
		{A052A856-859D-418E-8C03-03168BFA0B02}.Debug|Any CPU.ActiveCfg = Debug|Any CPU
		{A052A856-859D-418E-8C03-03168BFA0B02}.Debug|Any CPU.Build.0 = Debug|Any CPU
		{A052A856-859D-418E-8C03-03168BFA0B02}.Release|Any CPU.ActiveCfg = Release|Any CPU
		{A052A856-859D-418E-8C03-03168BFA0B02}.Release|Any CPU.Build.0 = Release|Any CPU
		{8B7E9BB1-5E96-457D-8037-13771B522795}.Debug|Any CPU.ActiveCfg = Debug|Any CPU
		{8B7E9BB1-5E96-457D-8037-13771B522795}.Debug|Any CPU.Build.0 = Debug|Any CPU
		{8B7E9BB1-5E96-457D-8037-13771B522795}.Release|Any CPU.ActiveCfg = Release|Any CPU
		{8B7E9BB1-5E96-457D-8037-13771B522795}.Release|Any CPU.Build.0 = Release|Any CPU
		{A8A403E7-7E2B-4C16-8D5F-F49244FBF9A5}.Debug|Any CPU.ActiveCfg = Debug|Any CPU
		{A8A403E7-7E2B-4C16-8D5F-F49244FBF9A5}.Debug|Any CPU.Build.0 = Debug|Any CPU
		{A8A403E7-7E2B-4C16-8D5F-F49244FBF9A5}.Release|Any CPU.ActiveCfg = Release|Any CPU
		{A8A403E7-7E2B-4C16-8D5F-F49244FBF9A5}.Release|Any CPU.Build.0 = Release|Any CPU
		{C1FE9223-00E9-41BB-855A-1A409C27C4A1}.Debug|Any CPU.ActiveCfg = Debug|Any CPU
		{C1FE9223-00E9-41BB-855A-1A409C27C4A1}.Debug|Any CPU.Build.0 = Debug|Any CPU
		{C1FE9223-00E9-41BB-855A-1A409C27C4A1}.Release|Any CPU.ActiveCfg = Release|Any CPU
		{C1FE9223-00E9-41BB-855A-1A409C27C4A1}.Release|Any CPU.Build.0 = Release|Any CPU
		{8FB45CDD-A063-41ED-BF6D-23D2DCF58D35}.Debug|Any CPU.ActiveCfg = Debug|Any CPU
		{8FB45CDD-A063-41ED-BF6D-23D2DCF58D35}.Debug|Any CPU.Build.0 = Debug|Any CPU
		{8FB45CDD-A063-41ED-BF6D-23D2DCF58D35}.Release|Any CPU.ActiveCfg = Release|Any CPU
		{8FB45CDD-A063-41ED-BF6D-23D2DCF58D35}.Release|Any CPU.Build.0 = Release|Any CPU
		{753F0C15-9280-457C-A396-E12B71C27F64}.Debug|Any CPU.ActiveCfg = Debug|Any CPU
		{753F0C15-9280-457C-A396-E12B71C27F64}.Debug|Any CPU.Build.0 = Debug|Any CPU
		{753F0C15-9280-457C-A396-E12B71C27F64}.Release|Any CPU.ActiveCfg = Release|Any CPU
		{753F0C15-9280-457C-A396-E12B71C27F64}.Release|Any CPU.Build.0 = Release|Any CPU
		{96E5F22F-EB48-49C0-8776-BCC5128481B6}.Debug|Any CPU.ActiveCfg = Debug|Any CPU
		{96E5F22F-EB48-49C0-8776-BCC5128481B6}.Debug|Any CPU.Build.0 = Debug|Any CPU
		{96E5F22F-EB48-49C0-8776-BCC5128481B6}.Release|Any CPU.ActiveCfg = Release|Any CPU
		{96E5F22F-EB48-49C0-8776-BCC5128481B6}.Release|Any CPU.Build.0 = Release|Any CPU
		{C3081069-605C-49C7-9827-C75AB465D715}.Debug|Any CPU.ActiveCfg = Debug|Any CPU
		{C3081069-605C-49C7-9827-C75AB465D715}.Debug|Any CPU.Build.0 = Debug|Any CPU
		{C3081069-605C-49C7-9827-C75AB465D715}.Release|Any CPU.ActiveCfg = Release|Any CPU
		{C3081069-605C-49C7-9827-C75AB465D715}.Release|Any CPU.Build.0 = Release|Any CPU
		{DE79D0AF-E167-4650-814D-1D6AF18AF9CE}.Debug|Any CPU.ActiveCfg = Debug|Any CPU
		{DE79D0AF-E167-4650-814D-1D6AF18AF9CE}.Debug|Any CPU.Build.0 = Debug|Any CPU
		{DE79D0AF-E167-4650-814D-1D6AF18AF9CE}.Release|Any CPU.ActiveCfg = Release|Any CPU
		{DE79D0AF-E167-4650-814D-1D6AF18AF9CE}.Release|Any CPU.Build.0 = Release|Any CPU
		{9CFAF5A8-187D-48F2-99E9-F0DF3B0246F0}.Debug|Any CPU.ActiveCfg = Debug|Any CPU
		{9CFAF5A8-187D-48F2-99E9-F0DF3B0246F0}.Debug|Any CPU.Build.0 = Debug|Any CPU
		{9CFAF5A8-187D-48F2-99E9-F0DF3B0246F0}.Release|Any CPU.ActiveCfg = Release|Any CPU
		{9CFAF5A8-187D-48F2-99E9-F0DF3B0246F0}.Release|Any CPU.Build.0 = Release|Any CPU
		{81EEF308-BBCC-416E-A05D-9400F94F3BDD}.Debug|Any CPU.ActiveCfg = Debug|Any CPU
		{81EEF308-BBCC-416E-A05D-9400F94F3BDD}.Debug|Any CPU.Build.0 = Debug|Any CPU
		{81EEF308-BBCC-416E-A05D-9400F94F3BDD}.Release|Any CPU.ActiveCfg = Release|Any CPU
		{81EEF308-BBCC-416E-A05D-9400F94F3BDD}.Release|Any CPU.Build.0 = Release|Any CPU
		{F8EB36A2-4FCB-4A2C-9482-805FD64009E2}.Debug|Any CPU.ActiveCfg = Debug|Any CPU
		{F8EB36A2-4FCB-4A2C-9482-805FD64009E2}.Debug|Any CPU.Build.0 = Debug|Any CPU
		{F8EB36A2-4FCB-4A2C-9482-805FD64009E2}.Release|Any CPU.ActiveCfg = Release|Any CPU
		{F8EB36A2-4FCB-4A2C-9482-805FD64009E2}.Release|Any CPU.Build.0 = Release|Any CPU
		{41CFFF65-7BF0-4BBE-A814-6B7B125A5239}.Debug|Any CPU.ActiveCfg = Debug|Any CPU
		{41CFFF65-7BF0-4BBE-A814-6B7B125A5239}.Debug|Any CPU.Build.0 = Debug|Any CPU
		{41CFFF65-7BF0-4BBE-A814-6B7B125A5239}.Release|Any CPU.ActiveCfg = Release|Any CPU
		{41CFFF65-7BF0-4BBE-A814-6B7B125A5239}.Release|Any CPU.Build.0 = Release|Any CPU
		{CD0CF112-0131-4DC9-A424-519F3EDD4723}.Debug|Any CPU.ActiveCfg = Debug|Any CPU
		{CD0CF112-0131-4DC9-A424-519F3EDD4723}.Debug|Any CPU.Build.0 = Debug|Any CPU
		{CD0CF112-0131-4DC9-A424-519F3EDD4723}.Release|Any CPU.ActiveCfg = Release|Any CPU
		{CD0CF112-0131-4DC9-A424-519F3EDD4723}.Release|Any CPU.Build.0 = Release|Any CPU
		{80999679-D4EA-493D-995B-4FE3CEED5F2B}.Debug|Any CPU.ActiveCfg = Debug|Any CPU
		{80999679-D4EA-493D-995B-4FE3CEED5F2B}.Debug|Any CPU.Build.0 = Debug|Any CPU
		{80999679-D4EA-493D-995B-4FE3CEED5F2B}.Release|Any CPU.ActiveCfg = Release|Any CPU
		{80999679-D4EA-493D-995B-4FE3CEED5F2B}.Release|Any CPU.Build.0 = Release|Any CPU
		{A821216A-F27B-45AE-81EE-0DCEC3A7D3BC}.Debug|Any CPU.ActiveCfg = Debug|Any CPU
		{A821216A-F27B-45AE-81EE-0DCEC3A7D3BC}.Debug|Any CPU.Build.0 = Debug|Any CPU
		{A821216A-F27B-45AE-81EE-0DCEC3A7D3BC}.Release|Any CPU.ActiveCfg = Release|Any CPU
		{A821216A-F27B-45AE-81EE-0DCEC3A7D3BC}.Release|Any CPU.Build.0 = Release|Any CPU
	EndGlobalSection
	GlobalSection(SolutionProperties) = preSolution
		HideSolutionNode = FALSE
	EndGlobalSection
	GlobalSection(NestedProjects) = preSolution
		{ABBF3CAE-A740-415A-BB0A-7A99471DF7B2} = {A42B561B-8711-4FB3-9BEE-4365DB103D9C}
		{A5BF1CE9-CC14-4EF9-B19D-F657C750A0A1} = {A42B561B-8711-4FB3-9BEE-4365DB103D9C}
		{A51A719D-143C-4EAB-ABC0-A01F68342D3F} = {A42B561B-8711-4FB3-9BEE-4365DB103D9C}
		{650E2567-4B31-407D-A4FC-8095DA4ED40B} = {A42B561B-8711-4FB3-9BEE-4365DB103D9C}
		{A7ADB65B-2DDB-4E73-B3AD-53431C82EF2E} = {A42B561B-8711-4FB3-9BEE-4365DB103D9C}
		{745A965D-67B7-48EC-A62A-F2F36D2A5339} = {E57C10D7-698A-465E-A834-4A94BF9EC4E6}
		{5C9B1588-62A6-4F3D-991C-009B24D3CA58} = {E57C10D7-698A-465E-A834-4A94BF9EC4E6}
		{EFE3D686-8220-4706-99A4-F0881369F3BD} = {E57C10D7-698A-465E-A834-4A94BF9EC4E6}
		{8B7A8168-C7F4-409D-8EBC-CDCA2C62F77C} = {E57C10D7-698A-465E-A834-4A94BF9EC4E6}
		{ECAB1F5B-0D39-47AF-B494-45539A70A4B1} = {E57C10D7-698A-465E-A834-4A94BF9EC4E6}
		{78C74C9C-2C1F-466C-B5EF-B6A2CC723528} = {E57C10D7-698A-465E-A834-4A94BF9EC4E6}
		{DF591898-9711-43CA-BFDF-305DF1646BB7} = {A42B561B-8711-4FB3-9BEE-4365DB103D9C}
		{4423CFCE-4A28-4C3D-8023-10A16CDD4191} = {8CB4B8C0-4505-415A-87CF-D60C03E91BFF}
		{A73DD9F8-70AF-43EA-B357-5528E4CB93C0} = {8CB4B8C0-4505-415A-87CF-D60C03E91BFF}
		{D0E27498-E46F-4072-ADFB-1B946B792283} = {8CB4B8C0-4505-415A-87CF-D60C03E91BFF}
		{269EBC0D-EC31-40DE-9A8A-A0E6CC58B065} = {8CB4B8C0-4505-415A-87CF-D60C03E91BFF}
		{CFADF2B5-98D5-49D0-8A50-52214528792A} = {8CB4B8C0-4505-415A-87CF-D60C03E91BFF}
		{E2A55B5E-7EB1-4D38-B98D-40E1C66B7A64} = {8CB4B8C0-4505-415A-87CF-D60C03E91BFF}
		{01A75FB2-95BA-4B1B-BC76-69A941E3F0B0} = {200E26EF-5BB4-4EC5-94EC-8790101DF711}
		{734B47D6-0420-47A2-8E5F-B0F54845128D} = {200E26EF-5BB4-4EC5-94EC-8790101DF711}
		{4E021A86-0C13-4EB5-A922-4FDE1374E140} = {200E26EF-5BB4-4EC5-94EC-8790101DF711}
		{92116E72-B572-4F2E-88C5-F1E2C7AE3C65} = {200E26EF-5BB4-4EC5-94EC-8790101DF711}
		{DD234FE8-52AF-4D6C-B3D5-134D71CCA931} = {200E26EF-5BB4-4EC5-94EC-8790101DF711}
		{D9EF6EBC-03C3-4ECE-A403-13229D965F5E} = {200E26EF-5BB4-4EC5-94EC-8790101DF711}
		{A30033B1-95EB-400E-B619-B82FAF483507} = {8CB4B8C0-4505-415A-87CF-D60C03E91BFF}
		{47FC96B0-E5F3-4377-BD39-307670F64EEA} = {0D0C564F-C4C7-418A-8297-84A20BC6D4BE}
		{E5D5BA00-1265-4D30-9161-F873C5A4302E} = {0D0C564F-C4C7-418A-8297-84A20BC6D4BE}
		{2BFC8D98-36CA-47DC-9AB2-7B30CEDA4749} = {0D0C564F-C4C7-418A-8297-84A20BC6D4BE}
		{26323DA3-D310-4C40-8B05-69E1E62BDF21} = {8CB4B8C0-4505-415A-87CF-D60C03E91BFF}
		{CA4CB45D-E770-463B-AE4B-AF96F3D5A5D3} = {0D0C564F-C4C7-418A-8297-84A20BC6D4BE}
		{5FE39B84-D332-4ABC-8364-8EF496F713B7} = {8CB4B8C0-4505-415A-87CF-D60C03E91BFF}
		{A052A856-859D-418E-8C03-03168BFA0B02} = {8CB4B8C0-4505-415A-87CF-D60C03E91BFF}
		{8B7E9BB1-5E96-457D-8037-13771B522795} = {E57C10D7-698A-465E-A834-4A94BF9EC4E6}
		{A8A403E7-7E2B-4C16-8D5F-F49244FBF9A5} = {8CB4B8C0-4505-415A-87CF-D60C03E91BFF}
		{C1FE9223-00E9-41BB-855A-1A409C27C4A1} = {E30CC855-2273-482B-AF1E-7D3457B5328A}
		{E30CC855-2273-482B-AF1E-7D3457B5328A} = {A42B561B-8711-4FB3-9BEE-4365DB103D9C}
		{8FB45CDD-A063-41ED-BF6D-23D2DCF58D35} = {E30CC855-2273-482B-AF1E-7D3457B5328A}
		{753F0C15-9280-457C-A396-E12B71C27F64} = {E30CC855-2273-482B-AF1E-7D3457B5328A}
		{746B40D6-570D-4E19-A966-EB9A37BA71EC} = {BA8599E4-8484-4351-9AFC-8922CB8426EF}
		{96E5F22F-EB48-49C0-8776-BCC5128481B6} = {746B40D6-570D-4E19-A966-EB9A37BA71EC}
		{C3081069-605C-49C7-9827-C75AB465D715} = {746B40D6-570D-4E19-A966-EB9A37BA71EC}
		{DE79D0AF-E167-4650-814D-1D6AF18AF9CE} = {BA8599E4-8484-4351-9AFC-8922CB8426EF}
		{9CFAF5A8-187D-48F2-99E9-F0DF3B0246F0} = {A81FF096-1219-4024-86AE-A2BB63A1B029}
		{81EEF308-BBCC-416E-A05D-9400F94F3BDD} = {A81FF096-1219-4024-86AE-A2BB63A1B029}
		{F8EB36A2-4FCB-4A2C-9482-805FD64009E2} = {A81FF096-1219-4024-86AE-A2BB63A1B029}
		{41CFFF65-7BF0-4BBE-A814-6B7B125A5239} = {A81FF096-1219-4024-86AE-A2BB63A1B029}
		{CD0CF112-0131-4DC9-A424-519F3EDD4723} = {A81FF096-1219-4024-86AE-A2BB63A1B029}
		{80999679-D4EA-493D-995B-4FE3CEED5F2B} = {200E26EF-5BB4-4EC5-94EC-8790101DF711}
		{A821216A-F27B-45AE-81EE-0DCEC3A7D3BC} = {8CB4B8C0-4505-415A-87CF-D60C03E91BFF}
	EndGlobalSection
	GlobalSection(ExtensibilityGlobals) = postSolution
		SolutionGuid = {C0569210-1D3F-450B-B3E6-0EE6D2BAA991}
	EndGlobalSection
EndGlobal
